
Microsoft Visual Studio Solution File, Format Version 12.00
# Visual Studio Version 17
VisualStudioVersion = 17.5.33516.290
MinimumVisualStudioVersion = 10.0.40219.1
Project("{FAE04EC0-301F-11D3-BF4B-00C04F79EFBC}") = "Project", "Project\Project.csproj", "{331FB720-70C5-4FE0-B681-CFB215442BB1}"
EndProject
Global
	GlobalSection(SolutionConfigurationPlatforms) = preSolution
		Debug|Any CPU = Debug|Any CPU
		Release|Any CPU = Release|Any CPU
	EndGlobalSection
	GlobalSection(ProjectConfigurationPlatforms) = postSolution
		{331FB720-70C5-4FE0-B681-CFB215442BB1}.Debug|Any CPU.ActiveCfg = Debug|Any CPU
		{331FB720-70C5-4FE0-B681-CFB215442BB1}.Debug|Any CPU.Build.0 = Debug|Any CPU
		{331FB720-70C5-4FE0-B681-CFB215442BB1}.Release|Any CPU.ActiveCfg = Release|Any CPU
		{331FB720-70C5-4FE0-B681-CFB215442BB1}.Release|Any CPU.Build.0 = Release|Any CPU
	EndGlobalSection
	GlobalSection(SolutionProperties) = preSolution
		HideSolutionNode = FALSE
	EndGlobalSection
	GlobalSection(ExtensibilityGlobals) = postSolution
		SolutionGuid = {0D4855A7-6CE5-45F3-BD26-A203F91E6294}
	EndGlobalSection
EndGlobal
